
Microsoft Visual Studio Solution File, Format Version 12.00
# Visual Studio Version 17
VisualStudioVersion = 17.10.34928.147
MinimumVisualStudioVersion = 10.0.40219.1
Project("{9A19103F-16F7-4668-BE54-9A1E7A4F7556}") = "Sample.Server", "Sample.Server\Sample.Server.csproj", "{972A75BB-3440-4529-B591-A4C137913429}"
EndProject
Project("{9A19103F-16F7-4668-BE54-9A1E7A4F7556}") = "Sample.Wasm", "Sample.Wasm\Sample.Wasm.csproj", "{DA209F49-E320-4529-BCDD-B0A504799D64}"
EndProject
Project("{9A19103F-16F7-4668-BE54-9A1E7A4F7556}") = "Winx.Wasm", "Winx.Wasm\Winx.Wasm.csproj", "{6B83C206-429A-4F37-B4A5-59DECF02B794}"
EndProject
Project("{2150E333-8FDC-42A3-9474-1A3956D46DE8}") = "CombinedMode", "CombinedMode", "{3080F6E4-E536-423F-B52D-633FBC6DC047}"
EndProject
Project("{2150E333-8FDC-42A3-9474-1A3956D46DE8}") = "BookStore", "BookStore", "{37C328A8-1C5F-4A6A-85FF-6B471BE11929}"
EndProject
Project("{9A19103F-16F7-4668-BE54-9A1E7A4F7556}") = "BookStore.Domain", "BookStore.Domain\BookStore.Domain.csproj", "{404EA789-608A-4A2F-B0B2-4BB24F52A403}"
EndProject
Project("{9A19103F-16F7-4668-BE54-9A1E7A4F7556}") = "BookStore.Contracts", "BookStore.Contracts\BookStore.Contracts.csproj", "{7342E9EA-099C-44CE-8BE4-42C53D241E6F}"
EndProject
Project("{9A19103F-16F7-4668-BE54-9A1E7A4F7556}") = "BookStore.WepApi.Host", "BookStore.WepApi.Host\BookStore.WepApi.Host.csproj", "{964C0CDA-E8C9-4361-A4A5-F58E6E7E09C0}"
EndProject
Project("{9A19103F-16F7-4668-BE54-9A1E7A4F7556}") = "BookStore.EfCore", "BookStore.EfCore\BookStore.EfCore.csproj", "{1F358DBF-B9DB-4D35-9540-9731AB6E6EBE}"
EndProject
Project("{9A19103F-16F7-4668-BE54-9A1E7A4F7556}") = "BookStore.Application", "BookStore.Application\BookStore.Application.csproj", "{63FAA858-49C0-4AB0-8FCC-6108B926BB78}"
EndProject
Project("{2150E333-8FDC-42A3-9474-1A3956D46DE8}") = "Standalone", "Standalone", "{18160ECD-B5BF-4D6F-81BA-EDE99E29797A}"
EndProject
Global
	GlobalSection(SolutionConfigurationPlatforms) = preSolution
		Debug|Any CPU = Debug|Any CPU
		Release|Any CPU = Release|Any CPU
	EndGlobalSection
	GlobalSection(ProjectConfigurationPlatforms) = postSolution
		{972A75BB-3440-4529-B591-A4C137913429}.Debug|Any CPU.ActiveCfg = Debug|Any CPU
		{972A75BB-3440-4529-B591-A4C137913429}.Debug|Any CPU.Build.0 = Debug|Any CPU
		{972A75BB-3440-4529-B591-A4C137913429}.Release|Any CPU.ActiveCfg = Release|Any CPU
		{972A75BB-3440-4529-B591-A4C137913429}.Release|Any CPU.Build.0 = Release|Any CPU
		{DA209F49-E320-4529-BCDD-B0A504799D64}.Debug|Any CPU.ActiveCfg = Debug|Any CPU
		{DA209F49-E320-4529-BCDD-B0A504799D64}.Debug|Any CPU.Build.0 = Debug|Any CPU
		{DA209F49-E320-4529-BCDD-B0A504799D64}.Release|Any CPU.ActiveCfg = Release|Any CPU
		{DA209F49-E320-4529-BCDD-B0A504799D64}.Release|Any CPU.Build.0 = Release|Any CPU
		{6B83C206-429A-4F37-B4A5-59DECF02B794}.Debug|Any CPU.ActiveCfg = Debug|Any CPU
		{6B83C206-429A-4F37-B4A5-59DECF02B794}.Debug|Any CPU.Build.0 = Debug|Any CPU
		{6B83C206-429A-4F37-B4A5-59DECF02B794}.Release|Any CPU.ActiveCfg = Release|Any CPU
		{6B83C206-429A-4F37-B4A5-59DECF02B794}.Release|Any CPU.Build.0 = Release|Any CPU
		{404EA789-608A-4A2F-B0B2-4BB24F52A403}.Debug|Any CPU.ActiveCfg = Debug|Any CPU
		{404EA789-608A-4A2F-B0B2-4BB24F52A403}.Debug|Any CPU.Build.0 = Debug|Any CPU
		{404EA789-608A-4A2F-B0B2-4BB24F52A403}.Release|Any CPU.ActiveCfg = Release|Any CPU
		{404EA789-608A-4A2F-B0B2-4BB24F52A403}.Release|Any CPU.Build.0 = Release|Any CPU
		{7342E9EA-099C-44CE-8BE4-42C53D241E6F}.Debug|Any CPU.ActiveCfg = Debug|Any CPU
		{7342E9EA-099C-44CE-8BE4-42C53D241E6F}.Debug|Any CPU.Build.0 = Debug|Any CPU
		{7342E9EA-099C-44CE-8BE4-42C53D241E6F}.Release|Any CPU.ActiveCfg = Release|Any CPU
		{7342E9EA-099C-44CE-8BE4-42C53D241E6F}.Release|Any CPU.Build.0 = Release|Any CPU
		{964C0CDA-E8C9-4361-A4A5-F58E6E7E09C0}.Debug|Any CPU.ActiveCfg = Debug|Any CPU
		{964C0CDA-E8C9-4361-A4A5-F58E6E7E09C0}.Debug|Any CPU.Build.0 = Debug|Any CPU
		{964C0CDA-E8C9-4361-A4A5-F58E6E7E09C0}.Release|Any CPU.ActiveCfg = Release|Any CPU
		{964C0CDA-E8C9-4361-A4A5-F58E6E7E09C0}.Release|Any CPU.Build.0 = Release|Any CPU
		{1F358DBF-B9DB-4D35-9540-9731AB6E6EBE}.Debug|Any CPU.ActiveCfg = Debug|Any CPU
		{1F358DBF-B9DB-4D35-9540-9731AB6E6EBE}.Debug|Any CPU.Build.0 = Debug|Any CPU
		{1F358DBF-B9DB-4D35-9540-9731AB6E6EBE}.Release|Any CPU.ActiveCfg = Release|Any CPU
		{1F358DBF-B9DB-4D35-9540-9731AB6E6EBE}.Release|Any CPU.Build.0 = Release|Any CPU
		{63FAA858-49C0-4AB0-8FCC-6108B926BB78}.Debug|Any CPU.ActiveCfg = Debug|Any CPU
		{63FAA858-49C0-4AB0-8FCC-6108B926BB78}.Debug|Any CPU.Build.0 = Debug|Any CPU
		{63FAA858-49C0-4AB0-8FCC-6108B926BB78}.Release|Any CPU.ActiveCfg = Release|Any CPU
		{63FAA858-49C0-4AB0-8FCC-6108B926BB78}.Release|Any CPU.Build.0 = Release|Any CPU
	EndGlobalSection
	GlobalSection(SolutionProperties) = preSolution
		HideSolutionNode = FALSE
	EndGlobalSection
	GlobalSection(NestedProjects) = preSolution
		{972A75BB-3440-4529-B591-A4C137913429} = {3080F6E4-E536-423F-B52D-633FBC6DC047}
		{DA209F49-E320-4529-BCDD-B0A504799D64} = {3080F6E4-E536-423F-B52D-633FBC6DC047}
		{6B83C206-429A-4F37-B4A5-59DECF02B794} = {18160ECD-B5BF-4D6F-81BA-EDE99E29797A}
		{404EA789-608A-4A2F-B0B2-4BB24F52A403} = {37C328A8-1C5F-4A6A-85FF-6B471BE11929}
		{7342E9EA-099C-44CE-8BE4-42C53D241E6F} = {37C328A8-1C5F-4A6A-85FF-6B471BE11929}
		{964C0CDA-E8C9-4361-A4A5-F58E6E7E09C0} = {37C328A8-1C5F-4A6A-85FF-6B471BE11929}
		{1F358DBF-B9DB-4D35-9540-9731AB6E6EBE} = {37C328A8-1C5F-4A6A-85FF-6B471BE11929}
		{63FAA858-49C0-4AB0-8FCC-6108B926BB78} = {37C328A8-1C5F-4A6A-85FF-6B471BE11929}
	EndGlobalSection
	GlobalSection(ExtensibilityGlobals) = postSolution
		SolutionGuid = {E506105B-E1FF-458A-8BC3-36946E1C5BF7}
	EndGlobalSection
EndGlobal
