
Microsoft Visual Studio Solution File, Format Version 12.00
# Visual Studio Version 17
VisualStudioVersion = 17.10.34928.147
MinimumVisualStudioVersion = 10.0.40219.1
Project("{9A19103F-16F7-4668-BE54-9A1E7A4F7556}") = "Sample.Server", "Sample.Server\Sample.Server.csproj", "{972A75BB-3440-4529-B591-A4C137913429}"
EndProject
Project("{9A19103F-16F7-4668-BE54-9A1E7A4F7556}") = "Sample.Wasm", "Sample.Wasm\Sample.Wasm.csproj", "{DA209F49-E320-4529-BCDD-B0A504799D64}"
EndProject
Project("{FAE04EC0-301F-11D3-BF4B-00C04F79EFBC}") = "Winx.Wasm", "Winx.Wasm\Winx.Wasm.csproj", "{6B83C206-429A-4F37-B4A5-59DECF02B794}"
EndProject
Global
	GlobalSection(SolutionConfigurationPlatforms) = preSolution
		Debug|Any CPU = Debug|Any CPU
		Release|Any CPU = Release|Any CPU
	EndGlobalSection
	GlobalSection(ProjectConfigurationPlatforms) = postSolution
		{972A75BB-3440-4529-B591-A4C137913429}.Debug|Any CPU.ActiveCfg = Debug|Any CPU
		{972A75BB-3440-4529-B591-A4C137913429}.Debug|Any CPU.Build.0 = Debug|Any CPU
		{972A75BB-3440-4529-B591-A4C137913429}.Release|Any CPU.ActiveCfg = Release|Any CPU
		{972A75BB-3440-4529-B591-A4C137913429}.Release|Any CPU.Build.0 = Release|Any CPU
		{DA209F49-E320-4529-BCDD-B0A504799D64}.Debug|Any CPU.ActiveCfg = Debug|Any CPU
		{DA209F49-E320-4529-BCDD-B0A504799D64}.Debug|Any CPU.Build.0 = Debug|Any CPU
		{DA209F49-E320-4529-BCDD-B0A504799D64}.Release|Any CPU.ActiveCfg = Release|Any CPU
		{DA209F49-E320-4529-BCDD-B0A504799D64}.Release|Any CPU.Build.0 = Release|Any CPU
		{6B83C206-429A-4F37-B4A5-59DECF02B794}.Debug|Any CPU.ActiveCfg = Debug|Any CPU
		{6B83C206-429A-4F37-B4A5-59DECF02B794}.Debug|Any CPU.Build.0 = Debug|Any CPU
		{6B83C206-429A-4F37-B4A5-59DECF02B794}.Release|Any CPU.ActiveCfg = Release|Any CPU
		{6B83C206-429A-4F37-B4A5-59DECF02B794}.Release|Any CPU.Build.0 = Release|Any CPU
	EndGlobalSection
	GlobalSection(SolutionProperties) = preSolution
		HideSolutionNode = FALSE
	EndGlobalSection
	GlobalSection(ExtensibilityGlobals) = postSolution
		SolutionGuid = {E506105B-E1FF-458A-8BC3-36946E1C5BF7}
	EndGlobalSection
EndGlobal
