
Microsoft Visual Studio Solution File, Format Version 12.00
# Visual Studio Version 17
VisualStudioVersion = 17.14.36310.24
MinimumVisualStudioVersion = 10.0.40219.1
Project("{FAE04EC0-301F-11D3-BF4B-00C04F79EFBC}") = "BookStore.Domain", "BookStore.Domain\BookStore.Domain.csproj", "{AC553377-9147-49E1-90ED-0A1E347D2A6F}"
EndProject
Project("{FAE04EC0-301F-11D3-BF4B-00C04F79EFBC}") = "BookStore.Infrastructure.InMemory", "BookStore.Infrastructure.InMemory\BookStore.Infrastructure.InMemory.csproj", "{1AF40293-C492-42F2-981A-DC85C1F34581}"
EndProject
Project("{2150E333-8FDC-42A3-9474-1A3956D46DE8}") = "src", "src", "{02EA681E-C7D8-13C7-8484-4AC65E1B71E8}"
EndProject
Project("{2150E333-8FDC-42A3-9474-1A3956D46DE8}") = "test", "test", "{FCC47AD9-FCEE-4214-A985-23445304C005}"
EndProject
Project("{FAE04EC0-301F-11D3-BF4B-00C04F79EFBC}") = "BookStore.Domain.Tets", "BookStore.Domain.Tets\BookStore.Domain.Tets.csproj", "{B1E8E11A-1010-43EB-B3FE-C5539ACBC820}"
EndProject
Project("{FAE04EC0-301F-11D3-BF4B-00C04F79EFBC}") = "BookStore.Application", "BookStore.Application\BookStore.Application.csproj", "{0BF293E1-00D5-427C-94D0-A7901F79FBE2}"
EndProject
Project("{FAE04EC0-301F-11D3-BF4B-00C04F79EFBC}") = "BookStore.Application.Contracts", "BookStore.Application.Contracts\BookStore.Application.Contracts.csproj", "{ACB7C97D-34B0-4FD3-8826-C803B42E708F}"
EndProject
Project("{FAE04EC0-301F-11D3-BF4B-00C04F79EFBC}") = "BookStore.Api.Host", "BookStore.Api.Host\BookStore.Api.Host.csproj", "{4FBE342C-C6E9-4E90-A52C-1C4B44308A50}"
EndProject
Project("{FAE04EC0-301F-11D3-BF4B-00C04F79EFBC}") = "BookStore.Infrastructure.EfCore", "BookStore.Infrastructure.EfCore\BookStore.Infrastructure.EfCore.csproj", "{E48A1638-378C-431C-8AC6-96B900C0BC4C}"
EndProject
Project("{FAE04EC0-301F-11D3-BF4B-00C04F79EFBC}") = "BookStore.AppHost", "BookStore.AppHost\BookStore.AppHost.csproj", "{16748D90-ABFA-4433-A14C-472F1C464B29}"
EndProject
Project("{FAE04EC0-301F-11D3-BF4B-00C04F79EFBC}") = "BookStore.ServiceDefaults", "BookStore.ServiceDefaults\BookStore.ServiceDefaults.csproj", "{ACE532B0-5E77-617B-88A9-DEB405E8CCF2}"
EndProject
Project("{FAE04EC0-301F-11D3-BF4B-00C04F79EFBC}") = "BookStore.Generator", "BookStore.Generator\BookStore.Generator.csproj", "{11A09EB4-7F25-4596-A876-912189868DB5}"
EndProject
Project("{FAE04EC0-301F-11D3-BF4B-00C04F79EFBC}") = "BookStore.Generator.RabbitMq.Host", "BookStore.Generator.RabbitMq.Host\BookStore.Generator.RabbitMq.Host.csproj", "{64A224EA-6436-109B-95A5-3E6748170373}"
EndProject
Project("{FAE04EC0-301F-11D3-BF4B-00C04F79EFBC}") = "BookStore.Infrastructure.RabbitMq", "BookStore.Infrastructure.RabbitMq\BookStore.Infrastructure.RabbitMq.csproj", "{DEEFF0FD-A04E-4DA5-91BF-68687B34E5BB}"
EndProject
Project("{2150E333-8FDC-42A3-9474-1A3956D46DE8}") = "server", "server", "{95B70A8C-615D-455B-9074-CBA703ED97B3}"
EndProject
Project("{2150E333-8FDC-42A3-9474-1A3956D46DE8}") = "generator", "generator", "{ED9F56A0-2965-4ADD-AF90-D2860C48B576}"
EndProject
Project("{2150E333-8FDC-42A3-9474-1A3956D46DE8}") = "aspire", "aspire", "{F779A96D-5B0F-4F82-9D16-9B1B621ADE1E}"
EndProject
Global
	GlobalSection(SolutionConfigurationPlatforms) = preSolution
		Debug|Any CPU = Debug|Any CPU
		Release|Any CPU = Release|Any CPU
	EndGlobalSection
	GlobalSection(ProjectConfigurationPlatforms) = postSolution
		{AC553377-9147-49E1-90ED-0A1E347D2A6F}.Debug|Any CPU.ActiveCfg = Debug|Any CPU
		{AC553377-9147-49E1-90ED-0A1E347D2A6F}.Debug|Any CPU.Build.0 = Debug|Any CPU
		{AC553377-9147-49E1-90ED-0A1E347D2A6F}.Release|Any CPU.ActiveCfg = Release|Any CPU
		{AC553377-9147-49E1-90ED-0A1E347D2A6F}.Release|Any CPU.Build.0 = Release|Any CPU
		{1AF40293-C492-42F2-981A-DC85C1F34581}.Debug|Any CPU.ActiveCfg = Debug|Any CPU
		{1AF40293-C492-42F2-981A-DC85C1F34581}.Debug|Any CPU.Build.0 = Debug|Any CPU
		{1AF40293-C492-42F2-981A-DC85C1F34581}.Release|Any CPU.ActiveCfg = Release|Any CPU
		{1AF40293-C492-42F2-981A-DC85C1F34581}.Release|Any CPU.Build.0 = Release|Any CPU
		{B1E8E11A-1010-43EB-B3FE-C5539ACBC820}.Debug|Any CPU.ActiveCfg = Debug|Any CPU
		{B1E8E11A-1010-43EB-B3FE-C5539ACBC820}.Debug|Any CPU.Build.0 = Debug|Any CPU
		{B1E8E11A-1010-43EB-B3FE-C5539ACBC820}.Release|Any CPU.ActiveCfg = Release|Any CPU
		{B1E8E11A-1010-43EB-B3FE-C5539ACBC820}.Release|Any CPU.Build.0 = Release|Any CPU
		{0BF293E1-00D5-427C-94D0-A7901F79FBE2}.Debug|Any CPU.ActiveCfg = Debug|Any CPU
		{0BF293E1-00D5-427C-94D0-A7901F79FBE2}.Debug|Any CPU.Build.0 = Debug|Any CPU
		{0BF293E1-00D5-427C-94D0-A7901F79FBE2}.Release|Any CPU.ActiveCfg = Release|Any CPU
		{0BF293E1-00D5-427C-94D0-A7901F79FBE2}.Release|Any CPU.Build.0 = Release|Any CPU
		{ACB7C97D-34B0-4FD3-8826-C803B42E708F}.Debug|Any CPU.ActiveCfg = Debug|Any CPU
		{ACB7C97D-34B0-4FD3-8826-C803B42E708F}.Debug|Any CPU.Build.0 = Debug|Any CPU
		{ACB7C97D-34B0-4FD3-8826-C803B42E708F}.Release|Any CPU.ActiveCfg = Release|Any CPU
		{ACB7C97D-34B0-4FD3-8826-C803B42E708F}.Release|Any CPU.Build.0 = Release|Any CPU
		{4FBE342C-C6E9-4E90-A52C-1C4B44308A50}.Debug|Any CPU.ActiveCfg = Debug|Any CPU
		{4FBE342C-C6E9-4E90-A52C-1C4B44308A50}.Debug|Any CPU.Build.0 = Debug|Any CPU
		{4FBE342C-C6E9-4E90-A52C-1C4B44308A50}.Release|Any CPU.ActiveCfg = Release|Any CPU
		{4FBE342C-C6E9-4E90-A52C-1C4B44308A50}.Release|Any CPU.Build.0 = Release|Any CPU
		{E48A1638-378C-431C-8AC6-96B900C0BC4C}.Debug|Any CPU.ActiveCfg = Debug|Any CPU
		{E48A1638-378C-431C-8AC6-96B900C0BC4C}.Debug|Any CPU.Build.0 = Debug|Any CPU
		{E48A1638-378C-431C-8AC6-96B900C0BC4C}.Release|Any CPU.ActiveCfg = Release|Any CPU
		{E48A1638-378C-431C-8AC6-96B900C0BC4C}.Release|Any CPU.Build.0 = Release|Any CPU
		{16748D90-ABFA-4433-A14C-472F1C464B29}.Debug|Any CPU.ActiveCfg = Debug|Any CPU
		{16748D90-ABFA-4433-A14C-472F1C464B29}.Debug|Any CPU.Build.0 = Debug|Any CPU
		{16748D90-ABFA-4433-A14C-472F1C464B29}.Release|Any CPU.ActiveCfg = Release|Any CPU
		{16748D90-ABFA-4433-A14C-472F1C464B29}.Release|Any CPU.Build.0 = Release|Any CPU
		{ACE532B0-5E77-617B-88A9-DEB405E8CCF2}.Debug|Any CPU.ActiveCfg = Debug|Any CPU
		{ACE532B0-5E77-617B-88A9-DEB405E8CCF2}.Debug|Any CPU.Build.0 = Debug|Any CPU
		{ACE532B0-5E77-617B-88A9-DEB405E8CCF2}.Release|Any CPU.ActiveCfg = Release|Any CPU
		{ACE532B0-5E77-617B-88A9-DEB405E8CCF2}.Release|Any CPU.Build.0 = Release|Any CPU
		{11A09EB4-7F25-4596-A876-912189868DB5}.Debug|Any CPU.ActiveCfg = Debug|Any CPU
		{11A09EB4-7F25-4596-A876-912189868DB5}.Debug|Any CPU.Build.0 = Debug|Any CPU
		{11A09EB4-7F25-4596-A876-912189868DB5}.Release|Any CPU.ActiveCfg = Release|Any CPU
		{11A09EB4-7F25-4596-A876-912189868DB5}.Release|Any CPU.Build.0 = Release|Any CPU
		{64A224EA-6436-109B-95A5-3E6748170373}.Debug|Any CPU.ActiveCfg = Debug|Any CPU
		{64A224EA-6436-109B-95A5-3E6748170373}.Debug|Any CPU.Build.0 = Debug|Any CPU
		{64A224EA-6436-109B-95A5-3E6748170373}.Release|Any CPU.ActiveCfg = Release|Any CPU
		{64A224EA-6436-109B-95A5-3E6748170373}.Release|Any CPU.Build.0 = Release|Any CPU
		{DEEFF0FD-A04E-4DA5-91BF-68687B34E5BB}.Debug|Any CPU.ActiveCfg = Debug|Any CPU
		{DEEFF0FD-A04E-4DA5-91BF-68687B34E5BB}.Debug|Any CPU.Build.0 = Debug|Any CPU
		{DEEFF0FD-A04E-4DA5-91BF-68687B34E5BB}.Release|Any CPU.ActiveCfg = Release|Any CPU
		{DEEFF0FD-A04E-4DA5-91BF-68687B34E5BB}.Release|Any CPU.Build.0 = Release|Any CPU
	EndGlobalSection
	GlobalSection(SolutionProperties) = preSolution
		HideSolutionNode = FALSE
	EndGlobalSection
	GlobalSection(NestedProjects) = preSolution
		{AC553377-9147-49E1-90ED-0A1E347D2A6F} = {95B70A8C-615D-455B-9074-CBA703ED97B3}
		{1AF40293-C492-42F2-981A-DC85C1F34581} = {95B70A8C-615D-455B-9074-CBA703ED97B3}
		{B1E8E11A-1010-43EB-B3FE-C5539ACBC820} = {FCC47AD9-FCEE-4214-A985-23445304C005}
		{0BF293E1-00D5-427C-94D0-A7901F79FBE2} = {95B70A8C-615D-455B-9074-CBA703ED97B3}
		{ACB7C97D-34B0-4FD3-8826-C803B42E708F} = {95B70A8C-615D-455B-9074-CBA703ED97B3}
		{4FBE342C-C6E9-4E90-A52C-1C4B44308A50} = {95B70A8C-615D-455B-9074-CBA703ED97B3}
		{E48A1638-378C-431C-8AC6-96B900C0BC4C} = {95B70A8C-615D-455B-9074-CBA703ED97B3}
		{16748D90-ABFA-4433-A14C-472F1C464B29} = {F779A96D-5B0F-4F82-9D16-9B1B621ADE1E}
		{ACE532B0-5E77-617B-88A9-DEB405E8CCF2} = {F779A96D-5B0F-4F82-9D16-9B1B621ADE1E}
		{11A09EB4-7F25-4596-A876-912189868DB5} = {ED9F56A0-2965-4ADD-AF90-D2860C48B576}
		{64A224EA-6436-109B-95A5-3E6748170373} = {ED9F56A0-2965-4ADD-AF90-D2860C48B576}
		{DEEFF0FD-A04E-4DA5-91BF-68687B34E5BB} = {95B70A8C-615D-455B-9074-CBA703ED97B3}
		{95B70A8C-615D-455B-9074-CBA703ED97B3} = {02EA681E-C7D8-13C7-8484-4AC65E1B71E8}
		{ED9F56A0-2965-4ADD-AF90-D2860C48B576} = {02EA681E-C7D8-13C7-8484-4AC65E1B71E8}
		{F779A96D-5B0F-4F82-9D16-9B1B621ADE1E} = {02EA681E-C7D8-13C7-8484-4AC65E1B71E8}
	EndGlobalSection
	GlobalSection(ExtensibilityGlobals) = postSolution
		SolutionGuid = {2A27D398-62DD-4D9A-B23E-875FA681A708}
	EndGlobalSection
EndGlobal
